
Microsoft Visual Studio Solution File, Format Version 12.00
# Visual Studio Version 17
VisualStudioVersion = 17.7.34031.279
MinimumVisualStudioVersion = 10.0.40219.1
Project("{FAE04EC0-301F-11D3-BF4B-00C04F79EFBC}") = "WinFormsApp5", "WinFormsApp5\WinFormsApp5.csproj", "{96DA03D0-B18D-4CD6-8995-9CA20500F33A}"
EndProject
Global
	GlobalSection(SolutionConfigurationPlatforms) = preSolution
		Debug|Any CPU = Debug|Any CPU
		Release|Any CPU = Release|Any CPU
	EndGlobalSection
	GlobalSection(ProjectConfigurationPlatforms) = postSolution
		{96DA03D0-B18D-4CD6-8995-9CA20500F33A}.Debug|Any CPU.ActiveCfg = Debug|Any CPU
		{96DA03D0-B18D-4CD6-8995-9CA20500F33A}.Debug|Any CPU.Build.0 = Debug|Any CPU
		{96DA03D0-B18D-4CD6-8995-9CA20500F33A}.Release|Any CPU.ActiveCfg = Release|Any CPU
		{96DA03D0-B18D-4CD6-8995-9CA20500F33A}.Release|Any CPU.Build.0 = Release|Any CPU
	EndGlobalSection
	GlobalSection(SolutionProperties) = preSolution
		HideSolutionNode = FALSE
	EndGlobalSection
	GlobalSection(ExtensibilityGlobals) = postSolution
		SolutionGuid = {3247F91C-AB72-4635-8C7F-DC6CF427A8B6}
	EndGlobalSection
EndGlobal
