
Microsoft Visual Studio Solution File, Format Version 12.00
# Visual Studio Version 17
VisualStudioVersion = 17.7.34024.191
MinimumVisualStudioVersion = 10.0.40219.1
Project("{FAE04EC0-301F-11D3-BF4B-00C04F79EFBC}") = "WinFormsApp1", "WinFormsApp1\WinFormsApp1.csproj", "{4A3DD0CA-15A0-452A-87B0-4BEBDAA0851F}"
EndProject
Global
	GlobalSection(SolutionConfigurationPlatforms) = preSolution
		Debug|Any CPU = Debug|Any CPU
		Release|Any CPU = Release|Any CPU
	EndGlobalSection
	GlobalSection(ProjectConfigurationPlatforms) = postSolution
		{4A3DD0CA-15A0-452A-87B0-4BEBDAA0851F}.Debug|Any CPU.ActiveCfg = Debug|Any CPU
		{4A3DD0CA-15A0-452A-87B0-4BEBDAA0851F}.Debug|Any CPU.Build.0 = Debug|Any CPU
		{4A3DD0CA-15A0-452A-87B0-4BEBDAA0851F}.Release|Any CPU.ActiveCfg = Release|Any CPU
		{4A3DD0CA-15A0-452A-87B0-4BEBDAA0851F}.Release|Any CPU.Build.0 = Release|Any CPU
	EndGlobalSection
	GlobalSection(SolutionProperties) = preSolution
		HideSolutionNode = FALSE
	EndGlobalSection
	GlobalSection(ExtensibilityGlobals) = postSolution
		SolutionGuid = {045ACD20-9D2C-40D2-9916-E29530D290D1}
	EndGlobalSection
EndGlobal
